
Microsoft Visual Studio Solution File, Format Version 12.00
# Visual Studio Version 17
VisualStudioVersion = 17.11.35208.52
MinimumVisualStudioVersion = 10.0.40219.1
Project("{FAE04EC0-301F-11D3-BF4B-00C04F79EFBC}") = "Bay_LapTop", "Bay_LapTop.csproj", "{99780CBA-0B0A-4D88-8807-8553DA7332C6}"
EndProject
Global
	GlobalSection(SolutionConfigurationPlatforms) = preSolution
		Debug|Any CPU = Debug|Any CPU
		Release|Any CPU = Release|Any CPU
	EndGlobalSection
	GlobalSection(ProjectConfigurationPlatforms) = postSolution
		{99780CBA-0B0A-4D88-8807-8553DA7332C6}.Debug|Any CPU.ActiveCfg = Debug|Any CPU
		{99780CBA-0B0A-4D88-8807-8553DA7332C6}.Debug|Any CPU.Build.0 = Debug|Any CPU
		{99780CBA-0B0A-4D88-8807-8553DA7332C6}.Release|Any CPU.ActiveCfg = Release|Any CPU
		{99780CBA-0B0A-4D88-8807-8553DA7332C6}.Release|Any CPU.Build.0 = Release|Any CPU
	EndGlobalSection
	GlobalSection(SolutionProperties) = preSolution
		HideSolutionNode = FALSE
	EndGlobalSection
	GlobalSection(ExtensibilityGlobals) = postSolution
		SolutionGuid = {383F7EEF-31E2-40AB-B991-73B95DA1A976}
	EndGlobalSection
EndGlobal
